
Microsoft Visual Studio Solution File, Format Version 12.00
# Visual Studio 14
VisualStudioVersion = 14.0.24720.0
MinimumVisualStudioVersion = 10.0.40219.1
Project("{FAE04EC0-301F-11D3-BF4B-00C04F79EFBC}") = "Crdt.Core", "Crdt.Core\Crdt.Core.csproj", "{63838731-332C-47E8-8A3D-CB020020213E}"
EndProject
Project("{FAE04EC0-301F-11D3-BF4B-00C04F79EFBC}") = "Crdt.Tests", "Crdt.Tests\Crdt.Tests.csproj", "{563A884C-04FE-4BC3-AC52-6EC2C512BE26}"
EndProject
Project("{FAE04EC0-301F-11D3-BF4B-00C04F79EFBC}") = "Crdt.Abstract", "Crdt.Abstract\Crdt.Abstract.csproj", "{4817E630-AAFD-4A52-90A7-C97E1F8FBA96}"
EndProject
Global
	GlobalSection(SolutionConfigurationPlatforms) = preSolution
		Debug|Any CPU = Debug|Any CPU
		Release|Any CPU = Release|Any CPU
	EndGlobalSection
	GlobalSection(ProjectConfigurationPlatforms) = postSolution
		{63838731-332C-47E8-8A3D-CB020020213E}.Debug|Any CPU.ActiveCfg = Debug|Any CPU
		{63838731-332C-47E8-8A3D-CB020020213E}.Debug|Any CPU.Build.0 = Debug|Any CPU
		{63838731-332C-47E8-8A3D-CB020020213E}.Release|Any CPU.ActiveCfg = Release|Any CPU
		{63838731-332C-47E8-8A3D-CB020020213E}.Release|Any CPU.Build.0 = Release|Any CPU
		{563A884C-04FE-4BC3-AC52-6EC2C512BE26}.Debug|Any CPU.ActiveCfg = Debug|Any CPU
		{563A884C-04FE-4BC3-AC52-6EC2C512BE26}.Debug|Any CPU.Build.0 = Debug|Any CPU
		{563A884C-04FE-4BC3-AC52-6EC2C512BE26}.Release|Any CPU.ActiveCfg = Release|Any CPU
		{563A884C-04FE-4BC3-AC52-6EC2C512BE26}.Release|Any CPU.Build.0 = Release|Any CPU
		{4817E630-AAFD-4A52-90A7-C97E1F8FBA96}.Debug|Any CPU.ActiveCfg = Debug|Any CPU
		{4817E630-AAFD-4A52-90A7-C97E1F8FBA96}.Debug|Any CPU.Build.0 = Debug|Any CPU
		{4817E630-AAFD-4A52-90A7-C97E1F8FBA96}.Release|Any CPU.ActiveCfg = Release|Any CPU
		{4817E630-AAFD-4A52-90A7-C97E1F8FBA96}.Release|Any CPU.Build.0 = Release|Any CPU
	EndGlobalSection
	GlobalSection(SolutionProperties) = preSolution
		HideSolutionNode = FALSE
	EndGlobalSection
EndGlobal
